
Microsoft Visual Studio Solution File, Format Version 12.00
# Visual Studio Version 17
VisualStudioVersion = 17.5.33516.290
MinimumVisualStudioVersion = 10.0.40219.1
Project("{8BC9CEB8-8B4A-11D0-8D11-00A0C91BC942}") = "EOSAchievementHook", "EOSAchievementHook.vcxproj", "{3EF82533-6397-496F-A70F-429BB3611A17}"
EndProject
Global
	GlobalSection(SolutionConfigurationPlatforms) = preSolution
		Debug|x64 = Debug|x64
		Release|x64 = Release|x64
	EndGlobalSection
	GlobalSection(ProjectConfigurationPlatforms) = postSolution
		{3EF82533-6397-496F-A70F-429BB3611A17}.Debug|x64.ActiveCfg = Debug|x64
		{3EF82533-6397-496F-A70F-429BB3611A17}.Debug|x64.Build.0 = Debug|x64
		{3EF82533-6397-496F-A70F-429BB3611A17}.Release|x64.ActiveCfg = Release|x64
		{3EF82533-6397-496F-A70F-429BB3611A17}.Release|x64.Build.0 = Release|x64
	EndGlobalSection
	GlobalSection(SolutionProperties) = preSolution
		HideSolutionNode = FALSE
	EndGlobalSection
	GlobalSection(ExtensibilityGlobals) = postSolution
		SolutionGuid = {418A7F9E-AD52-4B89-B61B-AAC0D2589D89}
	EndGlobalSection
EndGlobal
